
Microsoft Visual Studio Solution File, Format Version 12.00
# Visual Studio Version 17
VisualStudioVersion = 17.3.32819.101
MinimumVisualStudioVersion = 10.0.40219.1
Project("{FAE04EC0-301F-11D3-BF4B-00C04F79EFBC}") = "KiddEsports v2.0", "KiddEsports v2.0\KiddEsports v2.0.csproj", "{6CE511BB-8A23-4B97-8ED3-6A4F4A575220}"
EndProject
Project("{FAE04EC0-301F-11D3-BF4B-00C04F79EFBC}") = "DataManagement", "DataManagement\DataManagement.csproj", "{306BC8DE-ADCC-42BC-839A-08B641DFEEB9}"
EndProject
Global
	GlobalSection(SolutionConfigurationPlatforms) = preSolution
		Debug|Any CPU = Debug|Any CPU
		Release|Any CPU = Release|Any CPU
	EndGlobalSection
	GlobalSection(ProjectConfigurationPlatforms) = postSolution
		{6CE511BB-8A23-4B97-8ED3-6A4F4A575220}.Debug|Any CPU.ActiveCfg = Debug|Any CPU
		{6CE511BB-8A23-4B97-8ED3-6A4F4A575220}.Debug|Any CPU.Build.0 = Debug|Any CPU
		{6CE511BB-8A23-4B97-8ED3-6A4F4A575220}.Release|Any CPU.ActiveCfg = Release|Any CPU
		{6CE511BB-8A23-4B97-8ED3-6A4F4A575220}.Release|Any CPU.Build.0 = Release|Any CPU
		{306BC8DE-ADCC-42BC-839A-08B641DFEEB9}.Debug|Any CPU.ActiveCfg = Debug|Any CPU
		{306BC8DE-ADCC-42BC-839A-08B641DFEEB9}.Debug|Any CPU.Build.0 = Debug|Any CPU
		{306BC8DE-ADCC-42BC-839A-08B641DFEEB9}.Release|Any CPU.ActiveCfg = Release|Any CPU
		{306BC8DE-ADCC-42BC-839A-08B641DFEEB9}.Release|Any CPU.Build.0 = Release|Any CPU
	EndGlobalSection
	GlobalSection(SolutionProperties) = preSolution
		HideSolutionNode = FALSE
	EndGlobalSection
	GlobalSection(ExtensibilityGlobals) = postSolution
		SolutionGuid = {EECE170F-7CA5-467E-BAD6-A6B4900EA909}
	EndGlobalSection
EndGlobal
